
Microsoft Visual Studio Solution File, Format Version 12.00
# Visual Studio Version 17
VisualStudioVersion = 17.0.31903.59
MinimumVisualStudioVersion = 10.0.40219.1
Project("{2150E333-8FDC-42A3-9474-1A3956D46DE8}") = "Solution Items", "Solution Items", "{6D9B5378-B5CC-4F31-BBC4-5C394B73D576}"
	ProjectSection(SolutionItems) = preProject
		.editorconfig = .editorconfig
		LICENSE = LICENSE
		README.md = README.md
	EndProjectSection
EndProject
Project("{9A19103F-16F7-4668-BE54-9A1E7A4F7556}") = "CloudSync.Shell", "CloudSync.Shell\CloudSync.Shell.csproj", "{8D25A8FF-5708-4E81-89F3-6D597FAAE2B2}"
EndProject
Project("{9A19103F-16F7-4668-BE54-9A1E7A4F7556}") = "CloudSync.Console", "CloudSync.Console\CloudSync.Console.csproj", "{5BBE8D39-61CE-487E-9313-54E1C7472BC0}"
EndProject
Project("{9A19103F-16F7-4668-BE54-9A1E7A4F7556}") = "CloudSync.Common", "CloudSync.Common\CloudSync.Common.csproj", "{548745C4-83FB-4E1D-9FB8-D85C9990A6E6}"
EndProject
Project("{9A19103F-16F7-4668-BE54-9A1E7A4F7556}") = "CloudSync.Remote.Abstractions", "CloudSync.Remote.Abstractions\CloudSync.Remote.Abstractions.csproj", "{69836191-676D-4F12-A0AA-F23DB7752F30}"
EndProject
Project("{9A19103F-16F7-4668-BE54-9A1E7A4F7556}") = "CloudSync.Remote.Local", "CloudSync.Remote.Local\CloudSync.Remote.Local.csproj", "{E6B13A46-F1BC-44B4-9984-5C59E3AA63B3}"
EndProject
Project("{9A19103F-16F7-4668-BE54-9A1E7A4F7556}") = "CloudSync.Package", "CloudSync.Package\CloudSync.Package.csproj", "{B1CDAE67-A5C0-45DF-B3D7-7740348F556C}"
EndProject
Project("{9A19103F-16F7-4668-BE54-9A1E7A4F7556}") = "CloudSync.Worker", "CloudSync.Worker\CloudSync.Worker.csproj", "{361D06AB-186F-4EA3-A708-4BA751FF8D2B}"
EndProject
Project("{9A19103F-16F7-4668-BE54-9A1E7A4F7556}") = "CloudSync.Service", "CloudSync.Service\CloudSync.Service.csproj", "{14B52A27-1464-4D46-961D-1B34B51B7EC4}"
EndProject
Project("{9A19103F-16F7-4668-BE54-9A1E7A4F7556}") = "CloudSync.Interop", "CloudSync.Interop\CloudSync.Interop.csproj", "{FF40973E-EFD9-463F-9FE6-6FE56EE5CD9D}"
EndProject
Project("{9A19103F-16F7-4668-BE54-9A1E7A4F7556}") = "CloudSync.App", "CloudSync.App\CloudSync.App.csproj", "{904E215F-B66B-41A4-AAC7-5B5EBCC58BC6}"
EndProject
Project("{9A19103F-16F7-4668-BE54-9A1E7A4F7556}") = "CloudSync.Management", "CloudSync.Management\CloudSync.Management.csproj", "{14F1EF2E-FD58-4546-9F32-55B958798F5B}"
EndProject
Project("{9A19103F-16F7-4668-BE54-9A1E7A4F7556}") = "CloudSync.Management.Abstractions", "CloudSync.Management.Abstractions\CloudSync.Management.Abstractions.csproj", "{0F7D3B3E-6C74-4367-AE76-46E5074D977E}"
EndProject
Global
	GlobalSection(SolutionConfigurationPlatforms) = preSolution
		Debug|Any CPU = Debug|Any CPU
		Debug|x64 = Debug|x64
		Debug|x86 = Debug|x86
		Release|Any CPU = Release|Any CPU
		Release|x64 = Release|x64
		Release|x86 = Release|x86
	EndGlobalSection
	GlobalSection(ProjectConfigurationPlatforms) = postSolution
		{8D25A8FF-5708-4E81-89F3-6D597FAAE2B2}.Debug|Any CPU.ActiveCfg = Debug|Any CPU
		{8D25A8FF-5708-4E81-89F3-6D597FAAE2B2}.Debug|Any CPU.Build.0 = Debug|Any CPU
		{8D25A8FF-5708-4E81-89F3-6D597FAAE2B2}.Debug|x64.ActiveCfg = Debug|x64
		{8D25A8FF-5708-4E81-89F3-6D597FAAE2B2}.Debug|x64.Build.0 = Debug|x64
		{8D25A8FF-5708-4E81-89F3-6D597FAAE2B2}.Debug|x86.ActiveCfg = Debug|x86
		{8D25A8FF-5708-4E81-89F3-6D597FAAE2B2}.Debug|x86.Build.0 = Debug|x86
		{8D25A8FF-5708-4E81-89F3-6D597FAAE2B2}.Release|Any CPU.ActiveCfg = Release|Any CPU
		{8D25A8FF-5708-4E81-89F3-6D597FAAE2B2}.Release|Any CPU.Build.0 = Release|Any CPU
		{8D25A8FF-5708-4E81-89F3-6D597FAAE2B2}.Release|x64.ActiveCfg = Release|x64
		{8D25A8FF-5708-4E81-89F3-6D597FAAE2B2}.Release|x64.Build.0 = Release|x64
		{8D25A8FF-5708-4E81-89F3-6D597FAAE2B2}.Release|x86.ActiveCfg = Release|x86
		{8D25A8FF-5708-4E81-89F3-6D597FAAE2B2}.Release|x86.Build.0 = Release|x86
		{5BBE8D39-61CE-487E-9313-54E1C7472BC0}.Debug|Any CPU.ActiveCfg = Debug|Any CPU
		{5BBE8D39-61CE-487E-9313-54E1C7472BC0}.Debug|Any CPU.Build.0 = Debug|Any CPU
		{5BBE8D39-61CE-487E-9313-54E1C7472BC0}.Debug|x64.ActiveCfg = Debug|x64
		{5BBE8D39-61CE-487E-9313-54E1C7472BC0}.Debug|x64.Build.0 = Debug|x64
		{5BBE8D39-61CE-487E-9313-54E1C7472BC0}.Debug|x86.ActiveCfg = Debug|x86
		{5BBE8D39-61CE-487E-9313-54E1C7472BC0}.Debug|x86.Build.0 = Debug|x86
		{5BBE8D39-61CE-487E-9313-54E1C7472BC0}.Release|Any CPU.ActiveCfg = Release|Any CPU
		{5BBE8D39-61CE-487E-9313-54E1C7472BC0}.Release|Any CPU.Build.0 = Release|Any CPU
		{5BBE8D39-61CE-487E-9313-54E1C7472BC0}.Release|x64.ActiveCfg = Release|x64
		{5BBE8D39-61CE-487E-9313-54E1C7472BC0}.Release|x64.Build.0 = Release|x64
		{5BBE8D39-61CE-487E-9313-54E1C7472BC0}.Release|x86.ActiveCfg = Release|x86
		{5BBE8D39-61CE-487E-9313-54E1C7472BC0}.Release|x86.Build.0 = Release|x86
		{548745C4-83FB-4E1D-9FB8-D85C9990A6E6}.Debug|Any CPU.ActiveCfg = Debug|Any CPU
		{548745C4-83FB-4E1D-9FB8-D85C9990A6E6}.Debug|Any CPU.Build.0 = Debug|Any CPU
		{548745C4-83FB-4E1D-9FB8-D85C9990A6E6}.Debug|x64.ActiveCfg = Debug|Any CPU
		{548745C4-83FB-4E1D-9FB8-D85C9990A6E6}.Debug|x64.Build.0 = Debug|Any CPU
		{548745C4-83FB-4E1D-9FB8-D85C9990A6E6}.Debug|x86.ActiveCfg = Debug|Any CPU
		{548745C4-83FB-4E1D-9FB8-D85C9990A6E6}.Debug|x86.Build.0 = Debug|Any CPU
		{548745C4-83FB-4E1D-9FB8-D85C9990A6E6}.Release|Any CPU.ActiveCfg = Release|Any CPU
		{548745C4-83FB-4E1D-9FB8-D85C9990A6E6}.Release|Any CPU.Build.0 = Release|Any CPU
		{548745C4-83FB-4E1D-9FB8-D85C9990A6E6}.Release|x64.ActiveCfg = Release|Any CPU
		{548745C4-83FB-4E1D-9FB8-D85C9990A6E6}.Release|x64.Build.0 = Release|Any CPU
		{548745C4-83FB-4E1D-9FB8-D85C9990A6E6}.Release|x86.ActiveCfg = Release|Any CPU
		{548745C4-83FB-4E1D-9FB8-D85C9990A6E6}.Release|x86.Build.0 = Release|Any CPU
		{69836191-676D-4F12-A0AA-F23DB7752F30}.Debug|Any CPU.ActiveCfg = Debug|Any CPU
		{69836191-676D-4F12-A0AA-F23DB7752F30}.Debug|Any CPU.Build.0 = Debug|Any CPU
		{69836191-676D-4F12-A0AA-F23DB7752F30}.Debug|x64.ActiveCfg = Debug|Any CPU
		{69836191-676D-4F12-A0AA-F23DB7752F30}.Debug|x64.Build.0 = Debug|Any CPU
		{69836191-676D-4F12-A0AA-F23DB7752F30}.Debug|x86.ActiveCfg = Debug|Any CPU
		{69836191-676D-4F12-A0AA-F23DB7752F30}.Debug|x86.Build.0 = Debug|Any CPU
		{69836191-676D-4F12-A0AA-F23DB7752F30}.Release|Any CPU.ActiveCfg = Release|Any CPU
		{69836191-676D-4F12-A0AA-F23DB7752F30}.Release|Any CPU.Build.0 = Release|Any CPU
		{69836191-676D-4F12-A0AA-F23DB7752F30}.Release|x64.ActiveCfg = Release|Any CPU
		{69836191-676D-4F12-A0AA-F23DB7752F30}.Release|x64.Build.0 = Release|Any CPU
		{69836191-676D-4F12-A0AA-F23DB7752F30}.Release|x86.ActiveCfg = Release|Any CPU
		{69836191-676D-4F12-A0AA-F23DB7752F30}.Release|x86.Build.0 = Release|Any CPU
		{E6B13A46-F1BC-44B4-9984-5C59E3AA63B3}.Debug|Any CPU.ActiveCfg = Debug|Any CPU
		{E6B13A46-F1BC-44B4-9984-5C59E3AA63B3}.Debug|Any CPU.Build.0 = Debug|Any CPU
		{E6B13A46-F1BC-44B4-9984-5C59E3AA63B3}.Debug|x64.ActiveCfg = Debug|Any CPU
		{E6B13A46-F1BC-44B4-9984-5C59E3AA63B3}.Debug|x64.Build.0 = Debug|Any CPU
		{E6B13A46-F1BC-44B4-9984-5C59E3AA63B3}.Debug|x86.ActiveCfg = Debug|Any CPU
		{E6B13A46-F1BC-44B4-9984-5C59E3AA63B3}.Debug|x86.Build.0 = Debug|Any CPU
		{E6B13A46-F1BC-44B4-9984-5C59E3AA63B3}.Release|Any CPU.ActiveCfg = Release|Any CPU
		{E6B13A46-F1BC-44B4-9984-5C59E3AA63B3}.Release|Any CPU.Build.0 = Release|Any CPU
		{E6B13A46-F1BC-44B4-9984-5C59E3AA63B3}.Release|x64.ActiveCfg = Release|Any CPU
		{E6B13A46-F1BC-44B4-9984-5C59E3AA63B3}.Release|x64.Build.0 = Release|Any CPU
		{E6B13A46-F1BC-44B4-9984-5C59E3AA63B3}.Release|x86.ActiveCfg = Release|Any CPU
		{E6B13A46-F1BC-44B4-9984-5C59E3AA63B3}.Release|x86.Build.0 = Release|Any CPU
		{B1CDAE67-A5C0-45DF-B3D7-7740348F556C}.Debug|Any CPU.ActiveCfg = Debug|x64
		{B1CDAE67-A5C0-45DF-B3D7-7740348F556C}.Debug|Any CPU.Build.0 = Debug|x64
		{B1CDAE67-A5C0-45DF-B3D7-7740348F556C}.Debug|x64.ActiveCfg = Debug|x64
		{B1CDAE67-A5C0-45DF-B3D7-7740348F556C}.Debug|x64.Build.0 = Debug|x64
		{B1CDAE67-A5C0-45DF-B3D7-7740348F556C}.Debug|x64.Deploy.0 = Debug|x64
		{B1CDAE67-A5C0-45DF-B3D7-7740348F556C}.Debug|x86.ActiveCfg = Debug|x86
		{B1CDAE67-A5C0-45DF-B3D7-7740348F556C}.Debug|x86.Build.0 = Debug|x86
		{B1CDAE67-A5C0-45DF-B3D7-7740348F556C}.Release|Any CPU.ActiveCfg = Release|x64
		{B1CDAE67-A5C0-45DF-B3D7-7740348F556C}.Release|Any CPU.Build.0 = Release|x64
		{B1CDAE67-A5C0-45DF-B3D7-7740348F556C}.Release|x64.ActiveCfg = Release|x64
		{B1CDAE67-A5C0-45DF-B3D7-7740348F556C}.Release|x64.Build.0 = Release|x64
		{B1CDAE67-A5C0-45DF-B3D7-7740348F556C}.Release|x86.ActiveCfg = Release|x86
		{B1CDAE67-A5C0-45DF-B3D7-7740348F556C}.Release|x86.Build.0 = Release|x86
		{361D06AB-186F-4EA3-A708-4BA751FF8D2B}.Debug|Any CPU.ActiveCfg = Debug|Any CPU
		{361D06AB-186F-4EA3-A708-4BA751FF8D2B}.Debug|Any CPU.Build.0 = Debug|Any CPU
		{361D06AB-186F-4EA3-A708-4BA751FF8D2B}.Debug|x64.ActiveCfg = Debug|Any CPU
		{361D06AB-186F-4EA3-A708-4BA751FF8D2B}.Debug|x64.Build.0 = Debug|Any CPU
		{361D06AB-186F-4EA3-A708-4BA751FF8D2B}.Debug|x86.ActiveCfg = Debug|Any CPU
		{361D06AB-186F-4EA3-A708-4BA751FF8D2B}.Debug|x86.Build.0 = Debug|Any CPU
		{361D06AB-186F-4EA3-A708-4BA751FF8D2B}.Release|Any CPU.ActiveCfg = Release|Any CPU
		{361D06AB-186F-4EA3-A708-4BA751FF8D2B}.Release|Any CPU.Build.0 = Release|Any CPU
		{361D06AB-186F-4EA3-A708-4BA751FF8D2B}.Release|x64.ActiveCfg = Release|Any CPU
		{361D06AB-186F-4EA3-A708-4BA751FF8D2B}.Release|x64.Build.0 = Release|Any CPU
		{361D06AB-186F-4EA3-A708-4BA751FF8D2B}.Release|x86.ActiveCfg = Release|Any CPU
		{361D06AB-186F-4EA3-A708-4BA751FF8D2B}.Release|x86.Build.0 = Release|Any CPU
		{14B52A27-1464-4D46-961D-1B34B51B7EC4}.Debug|Any CPU.ActiveCfg = Debug|Any CPU
		{14B52A27-1464-4D46-961D-1B34B51B7EC4}.Debug|Any CPU.Build.0 = Debug|Any CPU
		{14B52A27-1464-4D46-961D-1B34B51B7EC4}.Debug|x64.ActiveCfg = Debug|x64
		{14B52A27-1464-4D46-961D-1B34B51B7EC4}.Debug|x64.Build.0 = Debug|x64
		{14B52A27-1464-4D46-961D-1B34B51B7EC4}.Debug|x86.ActiveCfg = Debug|x86
		{14B52A27-1464-4D46-961D-1B34B51B7EC4}.Debug|x86.Build.0 = Debug|x86
		{14B52A27-1464-4D46-961D-1B34B51B7EC4}.Release|Any CPU.ActiveCfg = Release|Any CPU
		{14B52A27-1464-4D46-961D-1B34B51B7EC4}.Release|Any CPU.Build.0 = Release|Any CPU
		{14B52A27-1464-4D46-961D-1B34B51B7EC4}.Release|x64.ActiveCfg = Release|Any CPU
		{14B52A27-1464-4D46-961D-1B34B51B7EC4}.Release|x64.Build.0 = Release|Any CPU
		{14B52A27-1464-4D46-961D-1B34B51B7EC4}.Release|x86.ActiveCfg = Release|Any CPU
		{14B52A27-1464-4D46-961D-1B34B51B7EC4}.Release|x86.Build.0 = Release|Any CPU
		{FF40973E-EFD9-463F-9FE6-6FE56EE5CD9D}.Debug|Any CPU.ActiveCfg = Debug|Any CPU
		{FF40973E-EFD9-463F-9FE6-6FE56EE5CD9D}.Debug|Any CPU.Build.0 = Debug|Any CPU
		{FF40973E-EFD9-463F-9FE6-6FE56EE5CD9D}.Debug|x64.ActiveCfg = Debug|Any CPU
		{FF40973E-EFD9-463F-9FE6-6FE56EE5CD9D}.Debug|x64.Build.0 = Debug|Any CPU
		{FF40973E-EFD9-463F-9FE6-6FE56EE5CD9D}.Debug|x86.ActiveCfg = Debug|Any CPU
		{FF40973E-EFD9-463F-9FE6-6FE56EE5CD9D}.Debug|x86.Build.0 = Debug|Any CPU
		{FF40973E-EFD9-463F-9FE6-6FE56EE5CD9D}.Release|Any CPU.ActiveCfg = Release|Any CPU
		{FF40973E-EFD9-463F-9FE6-6FE56EE5CD9D}.Release|Any CPU.Build.0 = Release|Any CPU
		{FF40973E-EFD9-463F-9FE6-6FE56EE5CD9D}.Release|x64.ActiveCfg = Release|Any CPU
		{FF40973E-EFD9-463F-9FE6-6FE56EE5CD9D}.Release|x64.Build.0 = Release|Any CPU
		{FF40973E-EFD9-463F-9FE6-6FE56EE5CD9D}.Release|x86.ActiveCfg = Release|Any CPU
		{FF40973E-EFD9-463F-9FE6-6FE56EE5CD9D}.Release|x86.Build.0 = Release|Any CPU
		{904E215F-B66B-41A4-AAC7-5B5EBCC58BC6}.Debug|Any CPU.ActiveCfg = Debug|Any CPU
		{904E215F-B66B-41A4-AAC7-5B5EBCC58BC6}.Debug|Any CPU.Build.0 = Debug|Any CPU
		{904E215F-B66B-41A4-AAC7-5B5EBCC58BC6}.Debug|x64.ActiveCfg = Debug|Any CPU
		{904E215F-B66B-41A4-AAC7-5B5EBCC58BC6}.Debug|x64.Build.0 = Debug|Any CPU
		{904E215F-B66B-41A4-AAC7-5B5EBCC58BC6}.Debug|x86.ActiveCfg = Debug|Any CPU
		{904E215F-B66B-41A4-AAC7-5B5EBCC58BC6}.Debug|x86.Build.0 = Debug|Any CPU
		{904E215F-B66B-41A4-AAC7-5B5EBCC58BC6}.Release|Any CPU.ActiveCfg = Release|Any CPU
		{904E215F-B66B-41A4-AAC7-5B5EBCC58BC6}.Release|Any CPU.Build.0 = Release|Any CPU
		{904E215F-B66B-41A4-AAC7-5B5EBCC58BC6}.Release|x64.ActiveCfg = Release|Any CPU
		{904E215F-B66B-41A4-AAC7-5B5EBCC58BC6}.Release|x64.Build.0 = Release|Any CPU
		{904E215F-B66B-41A4-AAC7-5B5EBCC58BC6}.Release|x86.ActiveCfg = Release|Any CPU
		{904E215F-B66B-41A4-AAC7-5B5EBCC58BC6}.Release|x86.Build.0 = Release|Any CPU
		{14F1EF2E-FD58-4546-9F32-55B958798F5B}.Debug|Any CPU.ActiveCfg = Debug|Any CPU
		{14F1EF2E-FD58-4546-9F32-55B958798F5B}.Debug|Any CPU.Build.0 = Debug|Any CPU
		{14F1EF2E-FD58-4546-9F32-55B958798F5B}.Debug|x64.ActiveCfg = Debug|Any CPU
		{14F1EF2E-FD58-4546-9F32-55B958798F5B}.Debug|x64.Build.0 = Debug|Any CPU
		{14F1EF2E-FD58-4546-9F32-55B958798F5B}.Debug|x86.ActiveCfg = Debug|Any CPU
		{14F1EF2E-FD58-4546-9F32-55B958798F5B}.Debug|x86.Build.0 = Debug|Any CPU
		{14F1EF2E-FD58-4546-9F32-55B958798F5B}.Release|Any CPU.ActiveCfg = Release|Any CPU
		{14F1EF2E-FD58-4546-9F32-55B958798F5B}.Release|Any CPU.Build.0 = Release|Any CPU
		{14F1EF2E-FD58-4546-9F32-55B958798F5B}.Release|x64.ActiveCfg = Release|Any CPU
		{14F1EF2E-FD58-4546-9F32-55B958798F5B}.Release|x64.Build.0 = Release|Any CPU
		{14F1EF2E-FD58-4546-9F32-55B958798F5B}.Release|x86.ActiveCfg = Release|Any CPU
		{14F1EF2E-FD58-4546-9F32-55B958798F5B}.Release|x86.Build.0 = Release|Any CPU
		{0F7D3B3E-6C74-4367-AE76-46E5074D977E}.Debug|Any CPU.ActiveCfg = Debug|Any CPU
		{0F7D3B3E-6C74-4367-AE76-46E5074D977E}.Debug|Any CPU.Build.0 = Debug|Any CPU
		{0F7D3B3E-6C74-4367-AE76-46E5074D977E}.Debug|x64.ActiveCfg = Debug|Any CPU
		{0F7D3B3E-6C74-4367-AE76-46E5074D977E}.Debug|x64.Build.0 = Debug|Any CPU
		{0F7D3B3E-6C74-4367-AE76-46E5074D977E}.Debug|x86.ActiveCfg = Debug|Any CPU
		{0F7D3B3E-6C74-4367-AE76-46E5074D977E}.Debug|x86.Build.0 = Debug|Any CPU
		{0F7D3B3E-6C74-4367-AE76-46E5074D977E}.Release|Any CPU.ActiveCfg = Release|Any CPU
		{0F7D3B3E-6C74-4367-AE76-46E5074D977E}.Release|Any CPU.Build.0 = Release|Any CPU
		{0F7D3B3E-6C74-4367-AE76-46E5074D977E}.Release|x64.ActiveCfg = Release|Any CPU
		{0F7D3B3E-6C74-4367-AE76-46E5074D977E}.Release|x64.Build.0 = Release|Any CPU
		{0F7D3B3E-6C74-4367-AE76-46E5074D977E}.Release|x86.ActiveCfg = Release|Any CPU
		{0F7D3B3E-6C74-4367-AE76-46E5074D977E}.Release|x86.Build.0 = Release|Any CPU
	EndGlobalSection
	GlobalSection(SolutionProperties) = preSolution
		HideSolutionNode = FALSE
	EndGlobalSection
	GlobalSection(ExtensibilityGlobals) = postSolution
		SolutionGuid = {2E4769EA-78FD-4083-AA03-06D139C3E2F8}
	EndGlobalSection
EndGlobal
